{
  "name": "drawio-postprocessor",
  "version": "0.1.0",
  "lockfileVersion": 3,
  "requires": true,
  "packages": {
    "": {
      "name": "drawio-postprocessor",
      "version": "0.1.0",
      "dependencies": {
        "@xmldom/xmldom": "^0.9.8"
      }
    },
    "node_modules/@xmldom/xmldom": {
      "version": "0.9.9",
      "resolved": "https://registry.npmjs.org/@xmldom/xmldom/-/xmldom-0.9.9.tgz",
      "integrity": "sha512-qycIHAucxy/LXAYIjmLmtQ8q9GPnMbnjG1KXhWm9o5sCr6pOYDATkMPiTNa6/v8eELyqOQ2FsEqeoFYmgv/gJg==",
      "license": "MIT",
      "engines": {
        "node": ">=14.6"
      }
    }
  }
}
